
Microsoft Visual Studio Solution File, Format Version 12.00
# Visual Studio Version 17
VisualStudioVersion = 17.0.31903.59
MinimumVisualStudioVersion = 10.0.40219.1
Project("{2150E333-8FDC-42A3-9474-1A3956D46DE8}") = "Services", "Services", "{E0C44F93-D214-4FC9-9761-7DC3049C5B9D}"
EndProject
Project("{2150E333-8FDC-42A3-9474-1A3956D46DE8}") = "Catalog", "Catalog", "{6CD3E084-24B1-47CD-96E1-55245EDC6A87}"
EndProject
Project("{FAE04EC0-301F-11D3-BF4B-00C04F79EFBC}") = "Catalog.API", "Services\Catalog\Catalog.API\Catalog.API.csproj", "{D8D51425-3F9A-4D85-B2CB-DA26A73F193D}"
EndProject
Project("{2150E333-8FDC-42A3-9474-1A3956D46DE8}") = "Basket", "Basket", "{43EB8B39-0C3E-430C-8B53-4002D542BF08}"
EndProject
Project("{FAE04EC0-301F-11D3-BF4B-00C04F79EFBC}") = "Basket.API", "Services\Basket\Basket.API\Basket.API.csproj", "{2C20F97F-E648-45BA-B276-57B07E0D9BFC}"
EndProject
Project("{2150E333-8FDC-42A3-9474-1A3956D46DE8}") = "Discount", "Discount", "{22D2CFEE-7D21-4490-BD30-7962A38DFA0B}"
EndProject
Project("{FAE04EC0-301F-11D3-BF4B-00C04F79EFBC}") = "Discount.API", "Services\Discount\Discount.API\Discount.API.csproj", "{AC3E342A-10DA-4AE8-BE87-43BA46BED9B5}"
EndProject
Global
	GlobalSection(SolutionConfigurationPlatforms) = preSolution
		Debug|Any CPU = Debug|Any CPU
		Release|Any CPU = Release|Any CPU
	EndGlobalSection
	GlobalSection(SolutionProperties) = preSolution
		HideSolutionNode = FALSE
	EndGlobalSection
	GlobalSection(ProjectConfigurationPlatforms) = postSolution
		{D8D51425-3F9A-4D85-B2CB-DA26A73F193D}.Debug|Any CPU.ActiveCfg = Debug|Any CPU
		{D8D51425-3F9A-4D85-B2CB-DA26A73F193D}.Debug|Any CPU.Build.0 = Debug|Any CPU
		{D8D51425-3F9A-4D85-B2CB-DA26A73F193D}.Release|Any CPU.ActiveCfg = Release|Any CPU
		{D8D51425-3F9A-4D85-B2CB-DA26A73F193D}.Release|Any CPU.Build.0 = Release|Any CPU
		{2C20F97F-E648-45BA-B276-57B07E0D9BFC}.Debug|Any CPU.ActiveCfg = Debug|Any CPU
		{2C20F97F-E648-45BA-B276-57B07E0D9BFC}.Debug|Any CPU.Build.0 = Debug|Any CPU
		{2C20F97F-E648-45BA-B276-57B07E0D9BFC}.Release|Any CPU.ActiveCfg = Release|Any CPU
		{2C20F97F-E648-45BA-B276-57B07E0D9BFC}.Release|Any CPU.Build.0 = Release|Any CPU
		{AC3E342A-10DA-4AE8-BE87-43BA46BED9B5}.Debug|Any CPU.ActiveCfg = Debug|Any CPU
		{AC3E342A-10DA-4AE8-BE87-43BA46BED9B5}.Debug|Any CPU.Build.0 = Debug|Any CPU
		{AC3E342A-10DA-4AE8-BE87-43BA46BED9B5}.Release|Any CPU.ActiveCfg = Release|Any CPU
		{AC3E342A-10DA-4AE8-BE87-43BA46BED9B5}.Release|Any CPU.Build.0 = Release|Any CPU
	EndGlobalSection
	GlobalSection(NestedProjects) = preSolution
		{6CD3E084-24B1-47CD-96E1-55245EDC6A87} = {E0C44F93-D214-4FC9-9761-7DC3049C5B9D}
		{D8D51425-3F9A-4D85-B2CB-DA26A73F193D} = {6CD3E084-24B1-47CD-96E1-55245EDC6A87}
		{43EB8B39-0C3E-430C-8B53-4002D542BF08} = {E0C44F93-D214-4FC9-9761-7DC3049C5B9D}
		{2C20F97F-E648-45BA-B276-57B07E0D9BFC} = {43EB8B39-0C3E-430C-8B53-4002D542BF08}
		{22D2CFEE-7D21-4490-BD30-7962A38DFA0B} = {E0C44F93-D214-4FC9-9761-7DC3049C5B9D}
		{AC3E342A-10DA-4AE8-BE87-43BA46BED9B5} = {22D2CFEE-7D21-4490-BD30-7962A38DFA0B}
	EndGlobalSection
EndGlobal
